{
  "name": "@nodenv/nodenv-each",
  "version": "1.3.0",
  "lockfileVersion": 3,
  "requires": true,
  "packages": {
    "": {
      "name": "@nodenv/nodenv-each",
      "version": "1.3.0",
      "license": "MIT",
      "bin": {
        "nodenv-each": "bin/nodenv-each"
      },
      "devDependencies": {
        "brew-publish": "^2.3.1"
      }
    },
    "node_modules/brew-publish": {
      "version": "2.3.1",
      "resolved": "https://registry.npmjs.org/brew-publish/-/brew-publish-2.3.1.tgz",
      "integrity": "sha512-JtitWM9jtnQk2gerUbvpiYJqUPYrvU43Wet1FDm9w81nJJO4BLAeVLUTFWQTQkV7QtE3AVO203R/67NeTMxzVw==",
      "dev": true,
      "bin": {
        "brew-publish": "bin/brew-publish"
      }
    }
  }
}
